
Microsoft Visual Studio Solution File, Format Version 12.00
# Visual Studio Version 17
VisualStudioVersion = 17.0.32014.148
MinimumVisualStudioVersion = 10.0.40219.1
Project("{9A19103F-16F7-4668-BE54-9A1E7A4F7556}") = "CoreWebApi", "CoreWebApi.csproj", "{15C052D9-59C8-4DEF-9955-42CAFBDD0A41}"
EndProject
Project("{E53339B2-1760-4266-BCC7-CA923CBCF16C}") = "docker-compose", "docker-compose.dcproj", "{DCFF283D-EAD9-4B59-93DD-BE887A5E06F9}"
EndProject
Global
	GlobalSection(SolutionConfigurationPlatforms) = preSolution
		Debug|Any CPU = Debug|Any CPU
		Release|Any CPU = Release|Any CPU
	EndGlobalSection
	GlobalSection(ProjectConfigurationPlatforms) = postSolution
		{15C052D9-59C8-4DEF-9955-42CAFBDD0A41}.Debug|Any CPU.ActiveCfg = Debug|Any CPU
		{15C052D9-59C8-4DEF-9955-42CAFBDD0A41}.Debug|Any CPU.Build.0 = Debug|Any CPU
		{15C052D9-59C8-4DEF-9955-42CAFBDD0A41}.Release|Any CPU.ActiveCfg = Release|Any CPU
		{15C052D9-59C8-4DEF-9955-42CAFBDD0A41}.Release|Any CPU.Build.0 = Release|Any CPU
		{DCFF283D-EAD9-4B59-93DD-BE887A5E06F9}.Debug|Any CPU.ActiveCfg = Debug|Any CPU
		{DCFF283D-EAD9-4B59-93DD-BE887A5E06F9}.Debug|Any CPU.Build.0 = Debug|Any CPU
		{DCFF283D-EAD9-4B59-93DD-BE887A5E06F9}.Release|Any CPU.ActiveCfg = Release|Any CPU
		{DCFF283D-EAD9-4B59-93DD-BE887A5E06F9}.Release|Any CPU.Build.0 = Release|Any CPU
	EndGlobalSection
	GlobalSection(SolutionProperties) = preSolution
		HideSolutionNode = FALSE
	EndGlobalSection
	GlobalSection(ExtensibilityGlobals) = postSolution
		SolutionGuid = {084BB68A-371A-4C85-8528-2016397B9B39}
	EndGlobalSection
EndGlobal
